
Microsoft Visual Studio Solution File, Format Version 12.00
# Visual Studio Version 17
VisualStudioVersion = 17.5.002.0
MinimumVisualStudioVersion = 10.0.40219.1
Project("{9A19103F-16F7-4668-BE54-9A1E7A4F7556}") = "CalculadoraIMC", "CalculadoraIMC.csproj", "{8893C901-A95D-4D80-88E8-CD7094F5CDAE}"
EndProject
Global
	GlobalSection(SolutionConfigurationPlatforms) = preSolution
		Debug|Any CPU = Debug|Any CPU
		Release|Any CPU = Release|Any CPU
	EndGlobalSection
	GlobalSection(ProjectConfigurationPlatforms) = postSolution
		{8893C901-A95D-4D80-88E8-CD7094F5CDAE}.Debug|Any CPU.ActiveCfg = Debug|Any CPU
		{8893C901-A95D-4D80-88E8-CD7094F5CDAE}.Debug|Any CPU.Build.0 = Debug|Any CPU
		{8893C901-A95D-4D80-88E8-CD7094F5CDAE}.Release|Any CPU.ActiveCfg = Release|Any CPU
		{8893C901-A95D-4D80-88E8-CD7094F5CDAE}.Release|Any CPU.Build.0 = Release|Any CPU
	EndGlobalSection
	GlobalSection(SolutionProperties) = preSolution
		HideSolutionNode = FALSE
	EndGlobalSection
	GlobalSection(ExtensibilityGlobals) = postSolution
		SolutionGuid = {8E347D9D-18E6-4115-B40E-B463461BCC44}
	EndGlobalSection
EndGlobal
